// !$*UTF8*$!
{
	archiveVersion = 1;
	classes = {
	};
	objectVersion = 46;
	objects = {

/* Begin PBXBuildFile section */
		7CE7D17A1CD5FCA50073505F /* AppDelegate.swift in Sources */ = {isa = PBXBuildFile; fileRef = 7CE7D1791CD5FCA50073505F /* AppDelegate.swift */; };
		7CE7D17C1CD5FCA50073505F /* ViewController.swift in Sources */ = {isa = PBXBuildFile; fileRef = 7CE7D17B1CD5FCA50073505F /* ViewController.swift */; };
		7CE7D17F1CD5FCA50073505F /* Main.storyboard in Resources */ = {isa = PBXBuildFile; fileRef = 7CE7D17D1CD5FCA50073505F /* Main.storyboard */; };
		7CE7D1811CD5FCA50073505F /* Assets.xcassets in Resources */ = {isa = PBXBuildFile; fileRef = 7CE7D1801CD5FCA50073505F /* Assets.xcassets */; };
		7CE7D1841CD5FCA50073505F /* LaunchScreen.storyboard in Resources */ = {isa = PBXBuildFile; fileRef = 7CE7D1821CD5FCA50073505F /* LaunchScreen.storyboard */; };
		7CE7D18F1CD5FCA50073505F /* tipseeTests.swift in Sources */ = {isa = PBXBuildFile; fileRef = 7CE7D18E1CD5FCA50073505F /* tipseeTests.swift */; };
		7CE7D19A1CD5FCA50073505F /* tipseeUITests.swift in Sources */ = {isa = PBXBuildFile; fileRef = 7CE7D1991CD5FCA50073505F /* tipseeUITests.swift */; };
/* End PBXBuildFile section */

/* Begin PBXContainerItemProxy section */
		7CE7D18B1CD5FCA50073505F /* PBXContainerItemProxy */ = {
			isa = PBXContainerItemProxy;
			containerPortal = 7CE7D16E1CD5FCA50073505F /* Project object */;
			proxyType = 1;
			remoteGlobalIDString = 7CE7D1751CD5FCA50073505F;
			remoteInfo = tipsee;
		};
		7CE7D1961CD5FCA50073505F /* PBXContainerItemProxy */ = {
			isa = PBXContainerItemProxy;
			containerPortal = 7CE7D16E1CD5FCA50073505F /* Project object */;
			proxyType = 1;
			remoteGlobalIDString = 7CE7D1751CD5FCA50073505F;
			remoteInfo = tipsee;
		};
/* End PBXContainerItemProxy section */

/* Begin PBXFileReference section */
		7CE7D1761CD5FCA50073505F /* tipsee.app */ = {isa = PBXFileReference; explicitFileType = wrapper.application; includeInIndex = 0; path = tipsee.app; sourceTree = BUILT_PRODUCTS_DIR; };
		7CE7D1791CD5FCA50073505F /* AppDelegate.swift */ = {isa = PBXFileReference; lastKnownFileType = sourcecode.swift; path = AppDelegate.swift; sourceTree = "<group>"; };
		7CE7D17B1CD5FCA50073505F /* ViewController.swift */ = {isa = PBXFileReference; lastKnownFileType = sourcecode.swift; path = ViewController.swift; sourceTree = "<group>"; };
		7CE7D17E1CD5FCA50073505F /* Base */ = {isa = PBXFileReference; lastKnownFileType = file.storyboard; name = Base; path = Base.lproj/Main.storyboard; sourceTree = "<group>"; };
		7CE7D1801CD5FCA50073505F /* Assets.xcassets */ = {isa = PBXFileReference; lastKnownFileType = folder.assetcatalog; path = Assets.xcassets; sourceTree = "<group>"; };
		7CE7D1831CD5FCA50073505F /* Base */ = {isa = PBXFileReference; lastKnownFileType = file.storyboard; name = Base; path = Base.lproj/LaunchScreen.storyboard; sourceTree = "<group>"; };
		7CE7D1851CD5FCA50073505F /* Info.plist */ = {isa = PBXFileReference; lastKnownFileType = text.plist.xml; path = Info.plist; sourceTree = "<group>"; };
		7CE7D18A1CD5FCA50073505F /* tipseeTests.xctest */ = {isa = PBXFileReference; explicitFileType = wrapper.cfbundle; includeInIndex = 0; path = tipseeTests.xctest; sourceTree = BUILT_PRODUCTS_DIR; };
		7CE7D18E1CD5FCA50073505F /* tipseeTests.swift */ = {isa = PBXFileReference; lastKnownFileType = sourcecode.swift; path = tipseeTests.swift; sourceTree = "<group>"; };
		7CE7D1901CD5FCA50073505F /* Info.plist */ = {isa = PBXFileReference; lastKnownFileType = text.plist.xml; path = Info.plist; sourceTree = "<group>"; };
		7CE7D1951CD5FCA50073505F /* tipseeUITests.xctest */ = {isa = PBXFileReference; explicitFileType = wrapper.cfbundle; includeInIndex = 0; path = tipseeUITests.xctest; sourceTree = BUILT_PRODUCTS_DIR; };
		7CE7D1991CD5FCA50073505F /* tipseeUITests.swift */ = {isa = PBXFileReference; lastKnownFileType = sourcecode.swift; path = tipseeUITests.swift; sourceTree = "<group>"; };
		7CE7D19B1CD5FCA50073505F /* Info.plist */ = {isa = PBXFileReference; lastKnownFileType = text.plist.xml; path = Info.plist; sourceTree = "<group>"; };
/* End PBXFileReference section */

/* Begin PBXFrameworksBuildPhase section */
		7CE7D1731CD5FCA50073505F /* Frameworks */ = {
			isa = PBXFrameworksBuildPhase;
			buildActionMask = 2147483647;
			files = (
			);
			runOnlyForDeploymentPostprocessing = 0;
		};
		7CE7D1871CD5FCA50073505F /* Frameworks */ = {
			isa = PBXFrameworksBuildPhase;
			buildActionMask = 2147483647;
			files = (
			);
			runOnlyForDeploymentPostprocessing = 0;
		};
		7CE7D1921CD5FCA50073505F /* Frameworks */ = {
			isa = PBXFrameworksBuildPhase;
			buildActionMask = 2147483647;
			files = (
			);
			runOnlyForDeploymentPostprocessing = 0;
		};
/* End PBXFrameworksBuildPhase section */

/* Begin PBXGroup section */
		7CE7D16D1CD5FCA50073505F = {
			isa = PBXGroup;
			children = (
				7CE7D1781CD5FCA50073505F /* tipsee */,
				7CE7D18D1CD5FCA50073505F /* tipseeTests */,
				7CE7D1981CD5FCA50073505F /* tipseeUITests */,
				7CE7D1771CD5FCA50073505F /* Products */,
			);
			sourceTree = "<group>";
		};
		7CE7D1771CD5FCA50073505F /* Products */ = {
			isa = PBXGroup;
			children = (
				7CE7D1761CD5FCA50073505F /* tipsee.app */,
				7CE7D18A1CD5FCA50073505F /* tipseeTests.xctest */,
				7CE7D1951CD5FCA50073505F /* tipseeUITests.xctest */,
			);
			name = Products;
			sourceTree = "<group>";
		};
		7CE7D1781CD5FCA50073505F /* tipsee */ = {
			isa = PBXGroup;
			children = (
				7CE7D1791CD5FCA50073505F /* AppDelegate.swift */,
				7CE7D17B1CD5FCA50073505F /* ViewController.swift */,
				7CE7D17D1CD5FCA50073505F /* Main.storyboard */,
				7CE7D1801CD5FCA50073505F /* Assets.xcassets */,
				7CE7D1821CD5FCA50073505F /* LaunchScreen.storyboard */,
				7CE7D1851CD5FCA50073505F /* Info.plist */,
			);
			path = tipsee;
			sourceTree = "<group>";
		};
		7CE7D18D1CD5FCA50073505F /* tipseeTests */ = {
			isa = PBXGroup;
			children = (
				7CE7D18E1CD5FCA50073505F /* tipseeTests.swift */,
				7CE7D1901CD5FCA50073505F /* Info.plist */,
			);
			path = tipseeTests;
			sourceTree = "<group>";
		};
		7CE7D1981CD5FCA50073505F /* tipseeUITests */ = {
			isa = PBXGroup;
			children = (
				7CE7D1991CD5FCA50073505F /* tipseeUITests.swift */,
				7CE7D19B1CD5FCA50073505F /* Info.plist */,
			);
			path = tipseeUITests;
			sourceTree = "<group>";
		};
/* End PBXGroup section */

/* Begin PBXNativeTarget section */
		7CE7D1751CD5FCA50073505F /* tipsee */ = {
			isa = PBXNativeTarget;
			buildConfigurationList = 7CE7D19E1CD5FCA50073505F /* Build configuration list for PBXNativeTarget "tipsee" */;
			buildPhases = (
				7CE7D1721CD5FCA50073505F /* Sources */,
				7CE7D1731CD5FCA50073505F /* Frameworks */,
				7CE7D1741CD5FCA50073505F /* Resources */,
			);
			buildRules = (
			);
			dependencies = (
			);
			name = tipsee;
			productName = tipsee;
			productReference = 7CE7D1761CD5FCA50073505F /* tipsee.app */;
			productType = "com.apple.product-type.application";
		};
		7CE7D1891CD5FCA50073505F /* tipseeTests */ = {
			isa = PBXNativeTarget;
			buildConfigurationList = 7CE7D1A11CD5FCA50073505F /* Build configuration list for PBXNativeTarget "tipseeTests" */;
			buildPhases = (
				7CE7D1861CD5FCA50073505F /* Sources */,
				7CE7D1871CD5FCA50073505F /* Frameworks */,
				7CE7D1881CD5FCA50073505F /* Resources */,
			);
			buildRules = (
			);
			dependencies = (
				7CE7D18C1CD5FCA50073505F /* PBXTargetDependency */,
			);
			name = tipseeTests;
			productName = tipseeTests;
			productReference = 7CE7D18A1CD5FCA50073505F /* tipseeTests.xctest */;
			productType = "com.apple.product-type.bundle.unit-test";
		};
		7CE7D1941CD5FCA50073505F /* tipseeUITests */ = {
			isa = PBXNativeTarget;
			buildConfigurationList = 7CE7D1A41CD5FCA50073505F /* Build configuration list for PBXNativeTarget "tipseeUITests" */;
			buildPhases = (
				7CE7D1911CD5FCA50073505F /* Sources */,
				7CE7D1921CD5FCA50073505F /* Frameworks */,
				7CE7D1931CD5FCA50073505F /* Resources */,
			);
			buildRules = (
			);
			dependencies = (
				7CE7D1971CD5FCA50073505F /* PBXTargetDependency */,
			);
			name = tipseeUITests;
			productName = tipseeUITests;
			productReference = 7CE7D1951CD5FCA50073505F /* tipseeUITests.xctest */;
			productType = "com.apple.product-type.bundle.ui-testing";
		};
/* End PBXNativeTarget section */

/* Begin PBXProject section */
		7CE7D16E1CD5FCA50073505F /* Project object */ = {
			isa = PBXProject;
			attributes = {
				LastSwiftUpdateCheck = 0730;
				LastUpgradeCheck = 0730;
				ORGANIZATIONNAME = "Jonathan Chen";
				TargetAttributes = {
					7CE7D1751CD5FCA50073505F = {
						CreatedOnToolsVersion = 7.3;
					};
					7CE7D1891CD5FCA50073505F = {
						CreatedOnToolsVersion = 7.3;
						TestTargetID = 7CE7D1751CD5FCA50073505F;
					};
					7CE7D1941CD5FCA50073505F = {
						CreatedOnToolsVersion = 7.3;
						TestTargetID = 7CE7D1751CD5FCA50073505F;
					};
				};
			};
			buildConfigurationList = 7CE7D1711CD5FCA50073505F /* Build configuration list for PBXProject "tipsee" */;
			compatibilityVersion = "Xcode 3.2";
			developmentRegion = English;
			hasScannedForEncodings = 0;
			knownRegions = (
				en,
				Base,
			);
			mainGroup = 7CE7D16D1CD5FCA50073505F;
			productRefGroup = 7CE7D1771CD5FCA50073505F /* Products */;
			projectDirPath = "";
			projectRoot = "";
			targets = (
				7CE7D1751CD5FCA50073505F /* tipsee */,
				7CE7D1891CD5FCA50073505F /* tipseeTests */,
				7CE7D1941CD5FCA50073505F /* tipseeUITests */,
			);
		};
/* End PBXProject section */

/* Begin PBXResourcesBuildPhase section */
		7CE7D1741CD5FCA50073505F /* Resources */ = {
			isa = PBXResourcesBuildPhase;
			buildActionMask = 2147483647;
			files = (
				7CE7D1841CD5FCA50073505F /* LaunchScreen.storyboard in Resources */,
				7CE7D1811CD5FCA50073505F /* Assets.xcassets in Resources */,
				7CE7D17F1CD5FCA50073505F /* Main.storyboard in Resources */,
			);
			runOnlyForDeploymentPostprocessing = 0;
		};
		7CE7D1881CD5FCA50073505F /* Resources */ = {
			isa = PBXResourcesBuildPhase;
			buildActionMask = 2147483647;
			files = (
			);
			runOnlyForDeploymentPostprocessing = 0;
		};
		7CE7D1931CD5FCA50073505F /* Resources */ = {
			isa = PBXResourcesBuildPhase;
			buildActionMask = 2147483647;
			files = (
			);
			runOnlyForDeploymentPostprocessing = 0;
		};
/* End PBXResourcesBuildPhase section */

/* Begin PBXSourcesBuildPhase section */
		7CE7D1721CD5FCA50073505F /* Sources */ = {
			isa = PBXSourcesBuildPhase;
			buildActionMask = 2147483647;
			files = (
				7CE7D17C1CD5FCA50073505F /* ViewController.swift in Sources */,
				7CE7D17A1CD5FCA50073505F /* AppDelegate.swift in Sources */,
			);
			runOnlyForDeploymentPostprocessing = 0;
		};
		7CE7D1861CD5FCA50073505F /* Sources */ = {
			isa = PBXSourcesBuildPhase;
			buildActionMask = 2147483647;
			files = (
				7CE7D18F1CD5FCA50073505F /* tipseeTests.swift in Sources */,
			);
			runOnlyForDeploymentPostprocessing = 0;
		};
		7CE7D1911CD5FCA50073505F /* Sources */ = {
			isa = PBXSourcesBuildPhase;
			buildActionMask = 2147483647;
			files = (
				7CE7D19A1CD5FCA50073505F /* tipseeUITests.swift in Sources */,
			);
			runOnlyForDeploymentPostprocessing = 0;
		};
/* End PBXSourcesBuildPhase section */

/* Begin PBXTargetDependency section */
		7CE7D18C1CD5FCA50073505F /* PBXTargetDependency */ = {
			isa = PBXTargetDependency;
			target = 7CE7D1751CD5FCA50073505F /* tipsee */;
			targetProxy = 7CE7D18B1CD5FCA50073505F /* PBXContainerItemProxy */;
		};
		7CE7D1971CD5FCA50073505F /* PBXTargetDependency */ = {
			isa = PBXTargetDependency;
			target = 7CE7D1751CD5FCA50073505F /* tipsee */;
			targetProxy = 7CE7D1961CD5FCA50073505F /* PBXContainerItemProxy */;
		};
/* End PBXTargetDependency section */

/* Begin PBXVariantGroup section */
		7CE7D17D1CD5FCA50073505F /* Main.storyboard */ = {
			isa = PBXVariantGroup;
			children = (
				7CE7D17E1CD5FCA50073505F /* Base */,
			);
			name = Main.storyboard;
			sourceTree = "<group>";
		};
		7CE7D1821CD5FCA50073505F /* LaunchScreen.storyboard */ = {
			isa = PBXVariantGroup;
			children = (
				7CE7D1831CD5FCA50073505F /* Base */,
			);
			name = LaunchScreen.storyboard;
			sourceTree = "<group>";
		};
/* End PBXVariantGroup section */

/* Begin XCBuildConfiguration section */
		7CE7D19C1CD5FCA50073505F /* Debug */ = {
			isa = XCBuildConfiguration;
			buildSettings = {
				ALWAYS_SEARCH_USER_PATHS = NO;
				CLANG_ANALYZER_NONNULL = YES;
				CLANG_CXX_LANGUAGE_STANDARD = "gnu++0x";
				CLANG_CXX_LIBRARY = "libc++";
				CLANG_ENABLE_MODULES = YES;
				CLANG_ENABLE_OBJC_ARC = YES;
				CLANG_WARN_BOOL_CONVERSION = YES;
				CLANG_WARN_CONSTANT_CONVERSION = YES;
				CLANG_WARN_DIRECT_OBJC_ISA_USAGE = YES_ERROR;
				CLANG_WARN_EMPTY_BODY = YES;
				CLANG_WARN_ENUM_CONVERSION = YES;
				CLANG_WARN_INT_CONVERSION = YES;
				CLANG_WARN_OBJC_ROOT_CLASS = YES_ERROR;
				CLANG_WARN_UNREACHABLE_CODE = YES;
				CLANG_WARN__DUPLICATE_METHOD_MATCH = YES;
				"CODE_SIGN_IDENTITY[sdk=iphoneos*]" = "iPhone Developer";
				COPY_PHASE_STRIP = NO;
				DEBUG_INFORMATION_FORMAT = dwarf;
				ENABLE_STRICT_OBJC_MSGSEND = YES;
				ENABLE_TESTABILITY = YES;
				GCC_C_LANGUAGE_STANDARD = gnu99;
				GCC_DYNAMIC_NO_PIC = NO;
				GCC_NO_COMMON_BLOCKS = YES;
				GCC_OPTIMIZATION_LEVEL = 0;
				GCC_PREPROCESSOR_DEFINITIONS = (
					"DEBUG=1",
					"$(inherited)",
				);
				GCC_WARN_64_TO_32_BIT_CONVERSION = YES;
				GCC_WARN_ABOUT_RETURN_TYPE = YES_ERROR;
				GCC_WARN_UNDECLARED_SELECTOR = YES;
				GCC_WARN_UNINITIALIZED_AUTOS = YES_AGGRESSIVE;
				GCC_WARN_UNUSED_FUNCTION = YES;
				GCC_WARN_UNUSED_VARIABLE = YES;
				IPHONEOS_DEPLOYMENT_TARGET = 9.3;
				MTL_ENABLE_DEBUG_INFO = YES;
				ONLY_ACTIVE_ARCH = YES;
				SDKROOT = iphoneos;
				SWIFT_OPTIMIZATION_LEVEL = "-Onone";
			};
			name = Debug;
		};
		7CE7D19D1CD5FCA50073505F /* Release */ = {
			isa = XCBuildConfiguration;
			buildSettings = {
				ALWAYS_SEARCH_USER_PATHS = NO;
				CLANG_ANALYZER_NONNULL = YES;
				CLANG_CXX_LANGUAGE_STANDARD = "gnu++0x";
				CLANG_CXX_LIBRARY = "libc++";
				CLANG_ENABLE_MODULES = YES;
				CLANG_ENABLE_OBJC_ARC = YES;
				CLANG_WARN_BOOL_CONVERSION = YES;
				CLANG_WARN_CONSTANT_CONVERSION = YES;
				CLANG_WARN_DIRECT_OBJC_ISA_USAGE = YES_ERROR;
				CLANG_WARN_EMPTY_BODY = YES;
				CLANG_WARN_ENUM_CONVERSION = YES;
				CLANG_WARN_INT_CONVERSION = YES;
				CLANG_WARN_OBJC_ROOT_CLASS = YES_ERROR;
				CLANG_WARN_UNREACHABLE_CODE = YES;
				CLANG_WARN__DUPLICATE_METHOD_MATCH = YES;
				"CODE_SIGN_IDENTITY[sdk=iphoneos*]" = "iPhone Developer";
				COPY_PHASE_STRIP = NO;
				DEBUG_INFORMATION_FORMAT = "dwarf-with-dsym";
				ENABLE_NS_ASSERTIONS = NO;
				ENABLE_STRICT_OBJC_MSGSEND = YES;
				GCC_C_LANGUAGE_STANDARD = gnu99;
				GCC_NO_COMMON_BLOCKS = YES;
				GCC_WARN_64_TO_32_BIT_CONVERSION = YES;
				GCC_WARN_ABOUT_RETURN_TYPE = YES_ERROR;
				GCC_WARN_UNDECLARED_SELECTOR = YES;
				GCC_WARN_UNINITIALIZED_AUTOS = YES_AGGRESSIVE;
				GCC_WARN_UNUSED_FUNCTION = YES;
				GCC_WARN_UNUSED_VARIABLE = YES;
				IPHONEOS_DEPLOYMENT_TARGET = 9.3;
				MTL_ENABLE_DEBUG_INFO = NO;
				SDKROOT = iphoneos;
				VALIDATE_PRODUCT = YES;
			};
			name = Release;
		};
		7CE7D19F1CD5FCA50073505F /* Debug */ = {
			isa = XCBuildConfiguration;
			buildSettings = {
				ASSETCATALOG_COMPILER_APPICON_NAME = AppIcon;
				INFOPLIST_FILE = tipsee/Info.plist;
				LD_RUNPATH_SEARCH_PATHS = "$(inherited) @executable_path/Frameworks";
				PRODUCT_BUNDLE_IDENTIFIER = com.chenlopark.tipsee;
				PRODUCT_NAME = "$(TARGET_NAME)";
			};
			name = Debug;
		};
		7CE7D1A01CD5FCA50073505F /* Release */ = {
			isa = XCBuildConfiguration;
			buildSettings = {
				ASSETCATALOG_COMPILER_APPICON_NAME = AppIcon;
				INFOPLIST_FILE = tipsee/Info.plist;
				LD_RUNPATH_SEARCH_PATHS = "$(inherited) @executable_path/Frameworks";
				PRODUCT_BUNDLE_IDENTIFIER = com.chenlopark.tipsee;
				PRODUCT_NAME = "$(TARGET_NAME)";
			};
			name = Release;
		};
		7CE7D1A21CD5FCA50073505F /* Debug */ = {
			isa = XCBuildConfiguration;
			buildSettings = {
				BUNDLE_LOADER = "$(TEST_HOST)";
				INFOPLIST_FILE = tipseeTests/Info.plist;
				LD_RUNPATH_SEARCH_PATHS = "$(inherited) @executable_path/Frameworks @loader_path/Frameworks";
				PRODUCT_BUNDLE_IDENTIFIER = com.chenlopark.tipseeTests;
				PRODUCT_NAME = "$(TARGET_NAME)";
				TEST_HOST = "$(BUILT_PRODUCTS_DIR)/tipsee.app/tipsee";
			};
			name = Debug;
		};
		7CE7D1A31CD5FCA50073505F /* Release */ = {
			isa = XCBuildConfiguration;
			buildSettings = {
				BUNDLE_LOADER = "$(TEST_HOST)";
				INFOPLIST_FILE = tipseeTests/Info.plist;
				LD_RUNPATH_SEARCH_PATHS = "$(inherited) @executable_path/Frameworks @loader_path/Frameworks";
				PRODUCT_BUNDLE_IDENTIFIER = com.chenlopark.tipseeTests;
				PRODUCT_NAME = "$(TARGET_NAME)";
				TEST_HOST = "$(BUILT_PRODUCTS_DIR)/tipsee.app/tipsee";
			};
			name = Release;
		};
		7CE7D1A51CD5FCA50073505F /* Debug */ = {
			isa = XCBuildConfiguration;
			buildSettings = {
				INFOPLIST_FILE = tipseeUITests/Info.plist;
				LD_RUNPATH_SEARCH_PATHS = "$(inherited) @executable_path/Frameworks @loader_path/Frameworks";
				PRODUCT_BUNDLE_IDENTIFIER = com.chenlopark.tipseeUITests;
				PRODUCT_NAME = "$(TARGET_NAME)";
				TEST_TARGET_NAME = tipsee;
			};
			name = Debug;
		};
		7CE7D1A61CD5FCA50073505F /* Release */ = {
			isa = XCBuildConfiguration;
			buildSettings = {
				INFOPLIST_FILE = tipseeUITests/Info.plist;
				LD_RUNPATH_SEARCH_PATHS = "$(inherited) @executable_path/Frameworks @loader_path/Frameworks";
				PRODUCT_BUNDLE_IDENTIFIER = com.chenlopark.tipseeUITests;
				PRODUCT_NAME = "$(TARGET_NAME)";
				TEST_TARGET_NAME = tipsee;
			};
			name = Release;
		};
/* End XCBuildConfiguration section */

/* Begin XCConfigurationList section */
		7CE7D1711CD5FCA50073505F /* Build configuration list for PBXProject "tipsee" */ = {
			isa = XCConfigurationList;
			buildConfigurations = (
				7CE7D19C1CD5FCA50073505F /* Debug */,
				7CE7D19D1CD5FCA50073505F /* Release */,
			);
			defaultConfigurationIsVisible = 0;
			defaultConfigurationName = Release;
		};
		7CE7D19E1CD5FCA50073505F /* Build configuration list for PBXNativeTarget "tipsee" */ = {
			isa = XCConfigurationList;
			buildConfigurations = (
				7CE7D19F1CD5FCA50073505F /* Debug */,
				7CE7D1A01CD5FCA50073505F /* Release */,
			);
			defaultConfigurationIsVisible = 0;
		};
		7CE7D1A11CD5FCA50073505F /* Build configuration list for PBXNativeTarget "tipseeTests" */ = {
			isa = XCConfigurationList;
			buildConfigurations = (
				7CE7D1A21CD5FCA50073505F /* Debug */,
				7CE7D1A31CD5FCA50073505F /* Release */,
			);
			defaultConfigurationIsVisible = 0;
		};
		7CE7D1A41CD5FCA50073505F /* Build configuration list for PBXNativeTarget "tipseeUITests" */ = {
			isa = XCConfigurationList;
			buildConfigurations = (
				7CE7D1A51CD5FCA50073505F /* Debug */,
				7CE7D1A61CD5FCA50073505F /* Release */,
			);
			defaultConfigurationIsVisible = 0;
		};
/* End XCConfigurationList section */
	};
	rootObject = 7CE7D16E1CD5FCA50073505F /* Project object */;
}
